// !$*UTF8*$!
{
	archiveVersion = 1;
	classes = {
	};
	objectVersion = 46;
	objects = {

/* Begin PBXBuildFile section */
		92045996161A287300F3803B /* KMClock.m in Sources */ = {isa = PBXBuildFile; fileRef = 92045995161A287300F3803B /* KMClock.m */; };
		9204599A161A2A7800F3803B /* KMClockViewController.m in Sources */ = {isa = PBXBuildFile; fileRef = 92045999161A2A7800F3803B /* KMClockViewController.m */; };
		9204599D161A2E5E00F3803B /* KMClockMenu.m in Sources */ = {isa = PBXBuildFile; fileRef = 9204599C161A2E5E00F3803B /* KMClockMenu.m */; };
		9204599F161A31FC00F3803B /* Time.plist in Resources */ = {isa = PBXBuildFile; fileRef = 9204599E161A31FC00F3803B /* Time.plist */; };
		9274E54D16139B2400DBD863 /* KMSchemeSet.m in Sources */ = {isa = PBXBuildFile; fileRef = 9274E54C16139B2400DBD863 /* KMSchemeSet.m */; };
		92995AA0160B61A4001D26D4 /* Cocoa.framework in Frameworks */ = {isa = PBXBuildFile; fileRef = 92995A9F160B61A4001D26D4 /* Cocoa.framework */; };
		92995AAA160B61A4001D26D4 /* InfoPlist.strings in Resources */ = {isa = PBXBuildFile; fileRef = 92995AA8160B61A4001D26D4 /* InfoPlist.strings */; };
		92995AAC160B61A4001D26D4 /* main.m in Sources */ = {isa = PBXBuildFile; fileRef = 92995AAB160B61A4001D26D4 /* main.m */; };
		92995AB0160B61A4001D26D4 /* Credits.rtf in Resources */ = {isa = PBXBuildFile; fileRef = 92995AAE160B61A4001D26D4 /* Credits.rtf */; };
		92995AB3160B61A4001D26D4 /* KMAppDelegate.m in Sources */ = {isa = PBXBuildFile; fileRef = 92995AB2160B61A4001D26D4 /* KMAppDelegate.m */; };
		92995AB6160B61A4001D26D4 /* MainMenu.xib in Resources */ = {isa = PBXBuildFile; fileRef = 92995AB4160B61A4001D26D4 /* MainMenu.xib */; };
		92995AC2160B65AF001D26D4 /* KMTimeView.m in Sources */ = {isa = PBXBuildFile; fileRef = 92995AC1160B65AF001D26D4 /* KMTimeView.m */; };
		929BE1A416149EF2005615E8 /* KMPositionSet.m in Sources */ = {isa = PBXBuildFile; fileRef = 929BE1A316149EF2005615E8 /* KMPositionSet.m */; };
		929BE1AD1614B0F2005615E8 /* KMConvertHud.m in Sources */ = {isa = PBXBuildFile; fileRef = 929BE1AC1614B0F2005615E8 /* KMConvertHud.m */; };
		92A1248C16123104005D8A37 /* KMConfiguration.m in Sources */ = {isa = PBXBuildFile; fileRef = 92A1248B16123104005D8A37 /* KMConfiguration.m */; };
		92A1249A16124BF0005D8A37 /* ColorScheme.plist in Resources */ = {isa = PBXBuildFile; fileRef = 92A1249916124BF0005D8A37 /* ColorScheme.plist */; };
		92C93BE7160CA691005CDD68 /* KMCountView.m in Sources */ = {isa = PBXBuildFile; fileRef = 92C93BE6160CA691005CDD68 /* KMCountView.m */; };
		92C93BF1160CBF87005CDD68 /* KMCountDownViewController.m in Sources */ = {isa = PBXBuildFile; fileRef = 92C93BF0160CBF87005CDD68 /* KMCountDownViewController.m */; };
		92E1F19C1615006C00EE38A5 /* myIcon.icns in Resources */ = {isa = PBXBuildFile; fileRef = 92E1F19B1615006C00EE38A5 /* myIcon.icns */; };
		92E1F19E1615015600EE38A5 /* construct.icns in Resources */ = {isa = PBXBuildFile; fileRef = 92E1F19D1615015600EE38A5 /* construct.icns */; };
/* End PBXBuildFile section */

/* Begin PBXFileReference section */
		92045994161A287300F3803B /* KMClock.h */ = {isa = PBXFileReference; fileEncoding = 4; lastKnownFileType = sourcecode.c.h; name = KMClock.h; path = Classes/KMClock.h; sourceTree = "<group>"; };
		92045995161A287300F3803B /* KMClock.m */ = {isa = PBXFileReference; fileEncoding = 4; lastKnownFileType = sourcecode.c.objc; name = KMClock.m; path = Classes/KMClock.m; sourceTree = "<group>"; };
		92045998161A2A7800F3803B /* KMClockViewController.h */ = {isa = PBXFileReference; fileEncoding = 4; lastKnownFileType = sourcecode.c.h; name = KMClockViewController.h; path = Views/KMClockViewController.h; sourceTree = "<group>"; };
		92045999161A2A7800F3803B /* KMClockViewController.m */ = {isa = PBXFileReference; fileEncoding = 4; lastKnownFileType = sourcecode.c.objc; name = KMClockViewController.m; path = Views/KMClockViewController.m; sourceTree = "<group>"; };
		9204599B161A2E5E00F3803B /* KMClockMenu.h */ = {isa = PBXFileReference; fileEncoding = 4; lastKnownFileType = sourcecode.c.h; name = KMClockMenu.h; path = Classes/KMClockMenu.h; sourceTree = "<group>"; };
		9204599C161A2E5E00F3803B /* KMClockMenu.m */ = {isa = PBXFileReference; fileEncoding = 4; lastKnownFileType = sourcecode.c.objc; name = KMClockMenu.m; path = Classes/KMClockMenu.m; sourceTree = "<group>"; };
		9204599E161A31FC00F3803B /* Time.plist */ = {isa = PBXFileReference; fileEncoding = 4; lastKnownFileType = text.plist.xml; name = Time.plist; path = Configuration/Time.plist; sourceTree = "<group>"; };
		9274E54B16139B2400DBD863 /* KMSchemeSet.h */ = {isa = PBXFileReference; fileEncoding = 4; lastKnownFileType = sourcecode.c.h; path = KMSchemeSet.h; sourceTree = "<group>"; };
		9274E54C16139B2400DBD863 /* KMSchemeSet.m */ = {isa = PBXFileReference; fileEncoding = 4; lastKnownFileType = sourcecode.c.objc; path = KMSchemeSet.m; sourceTree = "<group>"; };
		92995A9B160B61A4001D26D4 /* TimeWarp.app */ = {isa = PBXFileReference; explicitFileType = wrapper.application; includeInIndex = 0; path = TimeWarp.app; sourceTree = BUILT_PRODUCTS_DIR; };
		92995A9F160B61A4001D26D4 /* Cocoa.framework */ = {isa = PBXFileReference; lastKnownFileType = wrapper.framework; name = Cocoa.framework; path = System/Library/Frameworks/Cocoa.framework; sourceTree = SDKROOT; };
		92995AA2160B61A4001D26D4 /* AppKit.framework */ = {isa = PBXFileReference; lastKnownFileType = wrapper.framework; name = AppKit.framework; path = System/Library/Frameworks/AppKit.framework; sourceTree = SDKROOT; };
		92995AA3160B61A4001D26D4 /* CoreData.framework */ = {isa = PBXFileReference; lastKnownFileType = wrapper.framework; name = CoreData.framework; path = System/Library/Frameworks/CoreData.framework; sourceTree = SDKROOT; };
		92995AA4160B61A4001D26D4 /* Foundation.framework */ = {isa = PBXFileReference; lastKnownFileType = wrapper.framework; name = Foundation.framework; path = System/Library/Frameworks/Foundation.framework; sourceTree = SDKROOT; };
		92995AA7160B61A4001D26D4 /* TimeWarp-Info.plist */ = {isa = PBXFileReference; lastKnownFileType = text.plist.xml; path = "TimeWarp-Info.plist"; sourceTree = "<group>"; };
		92995AA9160B61A4001D26D4 /* en */ = {isa = PBXFileReference; lastKnownFileType = text.plist.strings; name = en; path = en.lproj/InfoPlist.strings; sourceTree = "<group>"; };
		92995AAB160B61A4001D26D4 /* main.m */ = {isa = PBXFileReference; lastKnownFileType = sourcecode.c.objc; path = main.m; sourceTree = "<group>"; };
		92995AAD160B61A4001D26D4 /* TimeWarp-Prefix.pch */ = {isa = PBXFileReference; lastKnownFileType = sourcecode.c.h; path = "TimeWarp-Prefix.pch"; sourceTree = "<group>"; };
		92995AAF160B61A4001D26D4 /* en */ = {isa = PBXFileReference; lastKnownFileType = text.rtf; name = en; path = en.lproj/Credits.rtf; sourceTree = "<group>"; };
		92995AB1160B61A4001D26D4 /* KMAppDelegate.h */ = {isa = PBXFileReference; lastKnownFileType = sourcecode.c.h; path = KMAppDelegate.h; sourceTree = "<group>"; };
		92995AB2160B61A4001D26D4 /* KMAppDelegate.m */ = {isa = PBXFileReference; lastKnownFileType = sourcecode.c.objc; path = KMAppDelegate.m; sourceTree = "<group>"; };
		92995AB5160B61A4001D26D4 /* en */ = {isa = PBXFileReference; lastKnownFileType = file.xib; name = en; path = en.lproj/MainMenu.xib; sourceTree = "<group>"; };
		92995ABD160B63A3001D26D4 /* GlobalHeader.h */ = {isa = PBXFileReference; fileEncoding = 4; lastKnownFileType = sourcecode.c.h; name = GlobalHeader.h; path = GlobalHeader/GlobalHeader.h; sourceTree = "<group>"; };
		92995AC0160B65AF001D26D4 /* KMTimeView.h */ = {isa = PBXFileReference; fileEncoding = 4; lastKnownFileType = sourcecode.c.h; name = KMTimeView.h; path = Views/KMTimeView.h; sourceTree = "<group>"; };
		92995AC1160B65AF001D26D4 /* KMTimeView.m */ = {isa = PBXFileReference; fileEncoding = 4; lastKnownFileType = sourcecode.c.objc; name = KMTimeView.m; path = Views/KMTimeView.m; sourceTree = "<group>"; };
		929BE1A216149EF2005615E8 /* KMPositionSet.h */ = {isa = PBXFileReference; fileEncoding = 4; lastKnownFileType = sourcecode.c.h; name = KMPositionSet.h; path = Classes/KMPositionSet.h; sourceTree = "<group>"; };
		929BE1A316149EF2005615E8 /* KMPositionSet.m */ = {isa = PBXFileReference; fileEncoding = 4; lastKnownFileType = sourcecode.c.objc; name = KMPositionSet.m; path = Classes/KMPositionSet.m; sourceTree = "<group>"; };
		929BE1AB1614B0F2005615E8 /* KMConvertHud.h */ = {isa = PBXFileReference; fileEncoding = 4; lastKnownFileType = sourcecode.c.h; name = KMConvertHud.h; path = Classes/KMConvertHud.h; sourceTree = "<group>"; };
		929BE1AC1614B0F2005615E8 /* KMConvertHud.m */ = {isa = PBXFileReference; fileEncoding = 4; lastKnownFileType = sourcecode.c.objc; name = KMConvertHud.m; path = Classes/KMConvertHud.m; sourceTree = "<group>"; };
		92A1248A16123104005D8A37 /* KMConfiguration.h */ = {isa = PBXFileReference; fileEncoding = 4; lastKnownFileType = sourcecode.c.h; path = KMConfiguration.h; sourceTree = "<group>"; };
		92A1248B16123104005D8A37 /* KMConfiguration.m */ = {isa = PBXFileReference; fileEncoding = 4; lastKnownFileType = sourcecode.c.objc; path = KMConfiguration.m; sourceTree = "<group>"; };
		92A1249916124BF0005D8A37 /* ColorScheme.plist */ = {isa = PBXFileReference; fileEncoding = 4; lastKnownFileType = text.plist.xml; path = ColorScheme.plist; sourceTree = "<group>"; };
		92C93BE5160CA691005CDD68 /* KMCountView.h */ = {isa = PBXFileReference; fileEncoding = 4; lastKnownFileType = sourcecode.c.h; name = KMCountView.h; path = Views/KMCountView.h; sourceTree = "<group>"; };
		92C93BE6160CA691005CDD68 /* KMCountView.m */ = {isa = PBXFileReference; fileEncoding = 4; lastKnownFileType = sourcecode.c.objc; name = KMCountView.m; path = Views/KMCountView.m; sourceTree = "<group>"; };
		92C93BEF160CBF87005CDD68 /* KMCountDownViewController.h */ = {isa = PBXFileReference; fileEncoding = 4; lastKnownFileType = sourcecode.c.h; name = KMCountDownViewController.h; path = Views/KMCountDownViewController.h; sourceTree = "<group>"; };
		92C93BF0160CBF87005CDD68 /* KMCountDownViewController.m */ = {isa = PBXFileReference; fileEncoding = 4; lastKnownFileType = sourcecode.c.objc; name = KMCountDownViewController.m; path = Views/KMCountDownViewController.m; sourceTree = "<group>"; };
		92E1F19B1615006C00EE38A5 /* myIcon.icns */ = {isa = PBXFileReference; lastKnownFileType = image.icns; path = myIcon.icns; sourceTree = "<group>"; };
		92E1F19D1615015600EE38A5 /* construct.icns */ = {isa = PBXFileReference; lastKnownFileType = image.icns; path = construct.icns; sourceTree = "<group>"; };
/* End PBXFileReference section */

/* Begin PBXFrameworksBuildPhase section */
		92995A98160B61A4001D26D4 /* Frameworks */ = {
			isa = PBXFrameworksBuildPhase;
			buildActionMask = 2147483647;
			files = (
				92995AA0160B61A4001D26D4 /* Cocoa.framework in Frameworks */,
			);
			runOnlyForDeploymentPostprocessing = 0;
		};
/* End PBXFrameworksBuildPhase section */

/* Begin PBXGroup section */
		92995A90160B61A4001D26D4 = {
			isa = PBXGroup;
			children = (
				92E1F19D1615015600EE38A5 /* construct.icns */,
				92E1F19B1615006C00EE38A5 /* myIcon.icns */,
				92995AA5160B61A4001D26D4 /* TimeWarp */,
				92995A9E160B61A4001D26D4 /* Frameworks */,
				92995A9C160B61A4001D26D4 /* Products */,
			);
			sourceTree = "<group>";
		};
		92995A9C160B61A4001D26D4 /* Products */ = {
			isa = PBXGroup;
			children = (
				92995A9B160B61A4001D26D4 /* TimeWarp.app */,
			);
			name = Products;
			sourceTree = "<group>";
		};
		92995A9E160B61A4001D26D4 /* Frameworks */ = {
			isa = PBXGroup;
			children = (
				92995A9F160B61A4001D26D4 /* Cocoa.framework */,
				92995AA1160B61A4001D26D4 /* Other Frameworks */,
			);
			name = Frameworks;
			sourceTree = "<group>";
		};
		92995AA1160B61A4001D26D4 /* Other Frameworks */ = {
			isa = PBXGroup;
			children = (
				92995AA2160B61A4001D26D4 /* AppKit.framework */,
				92995AA3160B61A4001D26D4 /* CoreData.framework */,
				92995AA4160B61A4001D26D4 /* Foundation.framework */,
			);
			name = "Other Frameworks";
			sourceTree = "<group>";
		};
		92995AA5160B61A4001D26D4 /* TimeWarp */ = {
			isa = PBXGroup;
			children = (
				92995ABC160B6367001D26D4 /* GlobalHeader */,
				92A12488161230E5005D8A37 /* Configuration */,
				92C93BE3160CA67D005CDD68 /* Views */,
				92995ABF160B6551001D26D4 /* Classes */,
				92995ABE160B6547001D26D4 /* ViewControllers */,
				92995AB1160B61A4001D26D4 /* KMAppDelegate.h */,
				92995AB2160B61A4001D26D4 /* KMAppDelegate.m */,
				92995AB4160B61A4001D26D4 /* MainMenu.xib */,
				92995AA6160B61A4001D26D4 /* Supporting Files */,
			);
			path = TimeWarp;
			sourceTree = "<group>";
		};
		92995AA6160B61A4001D26D4 /* Supporting Files */ = {
			isa = PBXGroup;
			children = (
				92995AA7160B61A4001D26D4 /* TimeWarp-Info.plist */,
				92995AA8160B61A4001D26D4 /* InfoPlist.strings */,
				92995AAB160B61A4001D26D4 /* main.m */,
				92995AAD160B61A4001D26D4 /* TimeWarp-Prefix.pch */,
				92995AAE160B61A4001D26D4 /* Credits.rtf */,
				92A1249916124BF0005D8A37 /* ColorScheme.plist */,
				9204599E161A31FC00F3803B /* Time.plist */,
			);
			name = "Supporting Files";
			sourceTree = "<group>";
		};
		92995ABC160B6367001D26D4 /* GlobalHeader */ = {
			isa = PBXGroup;
			children = (
				92995ABD160B63A3001D26D4 /* GlobalHeader.h */,
			);
			name = GlobalHeader;
			sourceTree = "<group>";
		};
		92995ABE160B6547001D26D4 /* ViewControllers */ = {
			isa = PBXGroup;
			children = (
				92995AC0160B65AF001D26D4 /* KMTimeView.h */,
				92995AC1160B65AF001D26D4 /* KMTimeView.m */,
				92C93BEF160CBF87005CDD68 /* KMCountDownViewController.h */,
				92C93BF0160CBF87005CDD68 /* KMCountDownViewController.m */,
				92045998161A2A7800F3803B /* KMClockViewController.h */,
				92045999161A2A7800F3803B /* KMClockViewController.m */,
			);
			name = ViewControllers;
			sourceTree = "<group>";
		};
		92995ABF160B6551001D26D4 /* Classes */ = {
			isa = PBXGroup;
			children = (
				9274E54B16139B2400DBD863 /* KMSchemeSet.h */,
				9274E54C16139B2400DBD863 /* KMSchemeSet.m */,
				929BE1A216149EF2005615E8 /* KMPositionSet.h */,
				929BE1A316149EF2005615E8 /* KMPositionSet.m */,
				929BE1AB1614B0F2005615E8 /* KMConvertHud.h */,
				929BE1AC1614B0F2005615E8 /* KMConvertHud.m */,
				92045994161A287300F3803B /* KMClock.h */,
				92045995161A287300F3803B /* KMClock.m */,
				9204599B161A2E5E00F3803B /* KMClockMenu.h */,
				9204599C161A2E5E00F3803B /* KMClockMenu.m */,
			);
			name = Classes;
			sourceTree = "<group>";
		};
		92A12488161230E5005D8A37 /* Configuration */ = {
			isa = PBXGroup;
			children = (
				92A1248A16123104005D8A37 /* KMConfiguration.h */,
				92A1248B16123104005D8A37 /* KMConfiguration.m */,
			);
			path = Configuration;
			sourceTree = "<group>";
		};
		92C93BE3160CA67D005CDD68 /* Views */ = {
			isa = PBXGroup;
			children = (
				92C93BE5160CA691005CDD68 /* KMCountView.h */,
				92C93BE6160CA691005CDD68 /* KMCountView.m */,
			);
			name = Views;
			sourceTree = "<group>";
		};
/* End PBXGroup section */

/* Begin PBXNativeTarget section */
		92995A9A160B61A4001D26D4 /* TimeWarp */ = {
			isa = PBXNativeTarget;
			buildConfigurationList = 92995AB9160B61A4001D26D4 /* Build configuration list for PBXNativeTarget "TimeWarp" */;
			buildPhases = (
				92995A97160B61A4001D26D4 /* Sources */,
				92995A98160B61A4001D26D4 /* Frameworks */,
				92995A99160B61A4001D26D4 /* Resources */,
			);
			buildRules = (
			);
			dependencies = (
			);
			name = TimeWarp;
			productName = TimeWarp;
			productReference = 92995A9B160B61A4001D26D4 /* TimeWarp.app */;
			productType = "com.apple.product-type.application";
		};
/* End PBXNativeTarget section */

/* Begin PBXProject section */
		92995A92160B61A4001D26D4 /* Project object */ = {
			isa = PBXProject;
			attributes = {
				CLASSPREFIX = KM;
				LastUpgradeCheck = 0450;
				ORGANIZATIONNAME = "Kyle J. McElyea";
			};
			buildConfigurationList = 92995A95160B61A4001D26D4 /* Build configuration list for PBXProject "TimeWarp" */;
			compatibilityVersion = "Xcode 3.2";
			developmentRegion = English;
			hasScannedForEncodings = 0;
			knownRegions = (
				en,
			);
			mainGroup = 92995A90160B61A4001D26D4;
			productRefGroup = 92995A9C160B61A4001D26D4 /* Products */;
			projectDirPath = "";
			projectRoot = "";
			targets = (
				92995A9A160B61A4001D26D4 /* TimeWarp */,
			);
		};
/* End PBXProject section */

/* Begin PBXResourcesBuildPhase section */
		92995A99160B61A4001D26D4 /* Resources */ = {
			isa = PBXResourcesBuildPhase;
			buildActionMask = 2147483647;
			files = (
				92995AAA160B61A4001D26D4 /* InfoPlist.strings in Resources */,
				92995AB0160B61A4001D26D4 /* Credits.rtf in Resources */,
				92995AB6160B61A4001D26D4 /* MainMenu.xib in Resources */,
				92A1249A16124BF0005D8A37 /* ColorScheme.plist in Resources */,
				92E1F19C1615006C00EE38A5 /* myIcon.icns in Resources */,
				92E1F19E1615015600EE38A5 /* construct.icns in Resources */,
				9204599F161A31FC00F3803B /* Time.plist in Resources */,
			);
			runOnlyForDeploymentPostprocessing = 0;
		};
/* End PBXResourcesBuildPhase section */

/* Begin PBXSourcesBuildPhase section */
		92995A97160B61A4001D26D4 /* Sources */ = {
			isa = PBXSourcesBuildPhase;
			buildActionMask = 2147483647;
			files = (
				92995AAC160B61A4001D26D4 /* main.m in Sources */,
				92995AB3160B61A4001D26D4 /* KMAppDelegate.m in Sources */,
				92995AC2160B65AF001D26D4 /* KMTimeView.m in Sources */,
				92C93BE7160CA691005CDD68 /* KMCountView.m in Sources */,
				92C93BF1160CBF87005CDD68 /* KMCountDownViewController.m in Sources */,
				92A1248C16123104005D8A37 /* KMConfiguration.m in Sources */,
				9274E54D16139B2400DBD863 /* KMSchemeSet.m in Sources */,
				929BE1A416149EF2005615E8 /* KMPositionSet.m in Sources */,
				929BE1AD1614B0F2005615E8 /* KMConvertHud.m in Sources */,
				92045996161A287300F3803B /* KMClock.m in Sources */,
				9204599A161A2A7800F3803B /* KMClockViewController.m in Sources */,
				9204599D161A2E5E00F3803B /* KMClockMenu.m in Sources */,
			);
			runOnlyForDeploymentPostprocessing = 0;
		};
/* End PBXSourcesBuildPhase section */

/* Begin PBXVariantGroup section */
		92995AA8160B61A4001D26D4 /* InfoPlist.strings */ = {
			isa = PBXVariantGroup;
			children = (
				92995AA9160B61A4001D26D4 /* en */,
			);
			name = InfoPlist.strings;
			sourceTree = "<group>";
		};
		92995AAE160B61A4001D26D4 /* Credits.rtf */ = {
			isa = PBXVariantGroup;
			children = (
				92995AAF160B61A4001D26D4 /* en */,
			);
			name = Credits.rtf;
			sourceTree = "<group>";
		};
		92995AB4160B61A4001D26D4 /* MainMenu.xib */ = {
			isa = PBXVariantGroup;
			children = (
				92995AB5160B61A4001D26D4 /* en */,
			);
			name = MainMenu.xib;
			sourceTree = "<group>";
		};
/* End PBXVariantGroup section */

/* Begin XCBuildConfiguration section */
		92995AB7160B61A4001D26D4 /* Debug */ = {
			isa = XCBuildConfiguration;
			buildSettings = {
				ALWAYS_SEARCH_USER_PATHS = NO;
				ARCHS = "$(ARCHS_STANDARD_64_BIT)";
				CLANG_CXX_LANGUAGE_STANDARD = "gnu++0x";
				CLANG_CXX_LIBRARY = "libc++";
				CLANG_ENABLE_OBJC_ARC = YES;
				CLANG_WARN_EMPTY_BODY = YES;
				CLANG_WARN__DUPLICATE_METHOD_MATCH = YES;
				COPY_PHASE_STRIP = NO;
				GCC_C_LANGUAGE_STANDARD = gnu99;
				GCC_DYNAMIC_NO_PIC = NO;
				GCC_ENABLE_OBJC_EXCEPTIONS = YES;
				GCC_OPTIMIZATION_LEVEL = 0;
				GCC_PREPROCESSOR_DEFINITIONS = (
					"DEBUG=1",
					"$(inherited)",
				);
				GCC_SYMBOLS_PRIVATE_EXTERN = NO;
				GCC_WARN_64_TO_32_BIT_CONVERSION = YES;
				GCC_WARN_ABOUT_RETURN_TYPE = YES;
				GCC_WARN_UNINITIALIZED_AUTOS = YES;
				GCC_WARN_UNUSED_VARIABLE = YES;
				MACOSX_DEPLOYMENT_TARGET = 10.7;
				ONLY_ACTIVE_ARCH = YES;
				SDKROOT = macosx10.7;
			};
			name = Debug;
		};
		92995AB8160B61A4001D26D4 /* Release */ = {
			isa = XCBuildConfiguration;
			buildSettings = {
				ALWAYS_SEARCH_USER_PATHS = NO;
				ARCHS = "$(ARCHS_STANDARD_64_BIT)";
				CLANG_CXX_LANGUAGE_STANDARD = "gnu++0x";
				CLANG_CXX_LIBRARY = "libc++";
				CLANG_ENABLE_OBJC_ARC = YES;
				CLANG_WARN_EMPTY_BODY = YES;
				CLANG_WARN__DUPLICATE_METHOD_MATCH = YES;
				COPY_PHASE_STRIP = YES;
				DEBUG_INFORMATION_FORMAT = "dwarf-with-dsym";
				GCC_C_LANGUAGE_STANDARD = gnu99;
				GCC_ENABLE_OBJC_EXCEPTIONS = YES;
				GCC_WARN_64_TO_32_BIT_CONVERSION = YES;
				GCC_WARN_ABOUT_RETURN_TYPE = YES;
				GCC_WARN_UNINITIALIZED_AUTOS = YES;
				GCC_WARN_UNUSED_VARIABLE = YES;
				MACOSX_DEPLOYMENT_TARGET = 10.7;
				SDKROOT = macosx10.7;
			};
			name = Release;
		};
		92995ABA160B61A4001D26D4 /* Debug */ = {
			isa = XCBuildConfiguration;
			buildSettings = {
				COMBINE_HIDPI_IMAGES = YES;
				GCC_PRECOMPILE_PREFIX_HEADER = YES;
				GCC_PREFIX_HEADER = "TimeWarp/TimeWarp-Prefix.pch";
				INFOPLIST_FILE = "TimeWarp/TimeWarp-Info.plist";
				MACOSX_DEPLOYMENT_TARGET = 10.7;
				PRODUCT_NAME = "$(TARGET_NAME)";
				WRAPPER_EXTENSION = app;
			};
			name = Debug;
		};
		92995ABB160B61A4001D26D4 /* Release */ = {
			isa = XCBuildConfiguration;
			buildSettings = {
				COMBINE_HIDPI_IMAGES = YES;
				GCC_PRECOMPILE_PREFIX_HEADER = YES;
				GCC_PREFIX_HEADER = "TimeWarp/TimeWarp-Prefix.pch";
				INFOPLIST_FILE = "TimeWarp/TimeWarp-Info.plist";
				MACOSX_DEPLOYMENT_TARGET = 10.7;
				PRODUCT_NAME = "$(TARGET_NAME)";
				WRAPPER_EXTENSION = app;
			};
			name = Release;
		};
/* End XCBuildConfiguration section */

/* Begin XCConfigurationList section */
		92995A95160B61A4001D26D4 /* Build configuration list for PBXProject "TimeWarp" */ = {
			isa = XCConfigurationList;
			buildConfigurations = (
				92995AB7160B61A4001D26D4 /* Debug */,
				92995AB8160B61A4001D26D4 /* Release */,
			);
			defaultConfigurationIsVisible = 0;
			defaultConfigurationName = Release;
		};
		92995AB9160B61A4001D26D4 /* Build configuration list for PBXNativeTarget "TimeWarp" */ = {
			isa = XCConfigurationList;
			buildConfigurations = (
				92995ABA160B61A4001D26D4 /* Debug */,
				92995ABB160B61A4001D26D4 /* Release */,
			);
			defaultConfigurationIsVisible = 0;
			defaultConfigurationName = Release;
		};
/* End XCConfigurationList section */
	};
	rootObject = 92995A92160B61A4001D26D4 /* Project object */;
}
